{
  "version": 4,
  "terraform_version": "1.11.4",
  "serial": 103,
  "lineage": "93deaa0f-ecf5-d43d-57da-cd0a06bc542d",
  "outputs": {},
  "resources": [
    {
      "module": "module.kv",
      "mode": "data",
      "type": "azurerm_client_config",
      "name": "current",
      "provider": "provider[\"registry.terraform.io/hashicorp/azurerm\"]",
      "instances": [
        {
          "schema_version": 0,
          "attributes": {
            "client_id": "04b07795-8ddb-461a-bbee-02f9e1bf7b46",
            "id": "Y2xpZW50Q29uZmlncy9jbGllbnRJZD0wNGIwNzc5NS04ZGRiLTQ2MWEtYmJlZS0wMmY5ZTFiZjdiNDY7b2JqZWN0SWQ9NmIxM2Y3ZjEtYTY4NC00NzU0LTg5NGQtYmJlZTYwMWFiNWQ2O3N1YnNjcmlwdGlvbklkPWNlYmVjMTE1LTc2YTQtNDFhMy1iNTJmLTE0ODUzMzVjMjIzMjt0ZW5hbnRJZD01Nzc2Nzc1Mi02ZjIyLTQ0M2ItYTlkYS1mZTA2NWM0ZjM5OTQ=",
            "object_id": "6b13f7f1-a684-4754-894d-bbee601ab5d6",
            "subscription_id": "cebec115-76a4-41a3-b52f-1485335c2232",
            "tenant_id": "57767752-6f22-443b-a9da-fe065c4f3994",
            "timeouts": null
          },
          "sensitive_attributes": []
        }
      ]
    },
    {
      "module": "module.kv",
      "mode": "managed",
      "type": "azurerm_key_vault",
      "name": "kvex",
      "provider": "provider[\"registry.terraform.io/hashicorp/azurerm\"]",
      "instances": [
        {
          "schema_version": 2,
          "attributes": {
            "access_policy": [
              {
                "application_id": "",
                "certificate_permissions": [],
                "key_permissions": [
                  "Create",
                  "Get"
                ],
                "object_id": "6b13f7f1-a684-4754-894d-bbee601ab5d6",
                "secret_permissions": [
                  "Set",
                  "Get",
                  "Delete",
                  "Purge",
                  "Recover",
                  "List"
                ],
                "storage_permissions": [],
                "tenant_id": "57767752-6f22-443b-a9da-fe065c4f3994"
              }
            ],
            "contact": [],
            "enable_rbac_authorization": false,
            "enabled_for_deployment": false,
            "enabled_for_disk_encryption": true,
            "enabled_for_template_deployment": false,
            "id": "/subscriptions/cebec115-76a4-41a3-b52f-1485335c2232/resourceGroups/tushar-rg/providers/Microsoft.KeyVault/vaults/tushar-kv",
            "location": "westus3",
            "name": "tushar-kv",
            "network_acls": [
              {
                "bypass": "AzureServices",
                "default_action": "Allow",
                "ip_rules": [],
                "virtual_network_subnet_ids": []
              }
            ],
            "public_network_access_enabled": true,
            "purge_protection_enabled": false,
            "resource_group_name": "tushar-rg",
            "sku_name": "standard",
            "soft_delete_retention_days": 7,
            "tags": {},
            "tenant_id": "57767752-6f22-443b-a9da-fe065c4f3994",
            "timeouts": null,
            "vault_uri": "https://tushar-kv.vault.azure.net/"
          },
          "sensitive_attributes": [],
          "private": "eyJlMmJmYjczMC1lY2FhLTExZTYtOGY4OC0zNDM2M2JjN2M0YzAiOnsiY3JlYXRlIjoxODAwMDAwMDAwMDAwLCJkZWxldGUiOjE4MDAwMDAwMDAwMDAsInJlYWQiOjMwMDAwMDAwMDAwMCwidXBkYXRlIjoxODAwMDAwMDAwMDAwfSwic2NoZW1hX3ZlcnNpb24iOiIyIn0=",
          "dependencies": [
            "module.kv.data.azurerm_client_config.current",
            "module.rg.azurerm_resource_group.example"
          ]
        }
      ]
    },
    {
      "module": "module.pip",
      "mode": "managed",
      "type": "azurerm_public_ip",
      "name": "example",
      "provider": "provider[\"registry.terraform.io/hashicorp/azurerm\"]",
      "instances": [
        {
          "schema_version": 0,
          "attributes": {
            "allocation_method": "Static",
            "ddos_protection_mode": "VirtualNetworkInherited",
            "ddos_protection_plan_id": null,
            "domain_name_label": null,
            "domain_name_label_scope": null,
            "edge_zone": "",
            "fqdn": null,
            "id": "/subscriptions/cebec115-76a4-41a3-b52f-1485335c2232/resourceGroups/tushar-rg/providers/Microsoft.Network/publicIPAddresses/tushar-pip",
            "idle_timeout_in_minutes": 4,
            "ip_address": "51.57.59.53",
            "ip_tags": {},
            "ip_version": "IPv4",
            "location": "westus3",
            "name": "tushar-pip",
            "public_ip_prefix_id": null,
            "resource_group_name": "tushar-rg",
            "reverse_fqdn": null,
            "sku": "Standard",
            "sku_tier": "Regional",
            "tags": {},
            "timeouts": null,
            "zones": []
          },
          "sensitive_attributes": [],
          "private": "eyJlMmJmYjczMC1lY2FhLTExZTYtOGY4OC0zNDM2M2JjN2M0YzAiOnsiY3JlYXRlIjoxODAwMDAwMDAwMDAwLCJkZWxldGUiOjE4MDAwMDAwMDAwMDAsInJlYWQiOjMwMDAwMDAwMDAwMCwidXBkYXRlIjoxODAwMDAwMDAwMDAwfX0=",
          "dependencies": [
            "module.rg.azurerm_resource_group.example"
          ]
        }
      ]
    },
    {
      "module": "module.rg",
      "mode": "managed",
      "type": "azurerm_resource_group",
      "name": "example",
      "provider": "provider[\"registry.terraform.io/hashicorp/azurerm\"]",
      "instances": [
        {
          "schema_version": 0,
          "attributes": {
            "id": "/subscriptions/cebec115-76a4-41a3-b52f-1485335c2232/resourceGroups/tushar-rg",
            "location": "westus3",
            "managed_by": "",
            "name": "tushar-rg",
            "tags": {},
            "timeouts": null
          },
          "sensitive_attributes": [],
          "private": "eyJlMmJmYjczMC1lY2FhLTExZTYtOGY4OC0zNDM2M2JjN2M0YzAiOnsiY3JlYXRlIjo1NDAwMDAwMDAwMDAwLCJkZWxldGUiOjU0MDAwMDAwMDAwMDAsInJlYWQiOjMwMDAwMDAwMDAwMCwidXBkYXRlIjo1NDAwMDAwMDAwMDAwfX0="
        }
      ]
    },
    {
      "module": "module.sb",
      "mode": "managed",
      "type": "azurerm_subnet",
      "name": "example",
      "provider": "provider[\"registry.terraform.io/hashicorp/azurerm\"]",
      "instances": [
        {
          "schema_version": 0,
          "attributes": {
            "address_prefixes": [
              "10.0.1.0/24"
            ],
            "default_outbound_access_enabled": true,
            "delegation": [],
            "id": "/subscriptions/cebec115-76a4-41a3-b52f-1485335c2232/resourceGroups/tushar-rg/providers/Microsoft.Network/virtualNetworks/tushar-vn/subnets/tushar-sb",
            "name": "tushar-sb",
            "private_endpoint_network_policies": "Disabled",
            "private_link_service_network_policies_enabled": true,
            "resource_group_name": "tushar-rg",
            "service_endpoint_policy_ids": [],
            "service_endpoints": [],
            "timeouts": null,
            "virtual_network_name": "tushar-vn"
          },
          "sensitive_attributes": [],
          "private": "eyJlMmJmYjczMC1lY2FhLTExZTYtOGY4OC0zNDM2M2JjN2M0YzAiOnsiY3JlYXRlIjoxODAwMDAwMDAwMDAwLCJkZWxldGUiOjE4MDAwMDAwMDAwMDAsInJlYWQiOjMwMDAwMDAwMDAwMCwidXBkYXRlIjoxODAwMDAwMDAwMDAwfX0=",
          "dependencies": [
            "module.rg.azurerm_resource_group.example",
            "module.vn.azurerm_virtual_network.example"
          ]
        }
      ]
    },
    {
      "module": "module.vm",
      "mode": "data",
      "type": "azurerm_key_vault",
      "name": "kv",
      "provider": "provider[\"registry.terraform.io/hashicorp/azurerm\"]",
      "instances": [
        {
          "schema_version": 0,
          "attributes": {
            "access_policy": [
              {
                "application_id": "",
                "certificate_permissions": [],
                "key_permissions": [
                  "Create",
                  "Get"
                ],
                "object_id": "6b13f7f1-a684-4754-894d-bbee601ab5d6",
                "secret_permissions": [
                  "Set",
                  "Get",
                  "Delete",
                  "Purge",
                  "Recover",
                  "List"
                ],
                "storage_permissions": [],
                "tenant_id": "57767752-6f22-443b-a9da-fe065c4f3994"
              }
            ],
            "enable_rbac_authorization": false,
            "enabled_for_deployment": false,
            "enabled_for_disk_encryption": true,
            "enabled_for_template_deployment": false,
            "id": "/subscriptions/cebec115-76a4-41a3-b52f-1485335c2232/resourceGroups/tushar-rg/providers/Microsoft.KeyVault/vaults/tushar-kv",
            "location": "westus3",
            "name": "tushar-kv",
            "network_acls": [],
            "public_network_access_enabled": true,
            "purge_protection_enabled": false,
            "resource_group_name": "tushar-rg",
            "sku_name": "standard",
            "tags": {},
            "tenant_id": "57767752-6f22-443b-a9da-fe065c4f3994",
            "timeouts": null,
            "vault_uri": "https://tushar-kv.vault.azure.net/"
          },
          "sensitive_attributes": []
        }
      ]
    },
    {
      "module": "module.vm",
      "mode": "data",
      "type": "azurerm_key_vault_secret",
      "name": "example1",
      "provider": "provider[\"registry.terraform.io/hashicorp/azurerm\"]",
      "instances": [
        {
          "schema_version": 0,
          "attributes": {
            "content_type": "",
            "expiration_date": null,
            "id": "https://tushar-kv.vault.azure.net/secrets/adminname1/527551fe820d41c496eb5d19031227e9",
            "key_vault_id": "/subscriptions/cebec115-76a4-41a3-b52f-1485335c2232/resourceGroups/tushar-rg/providers/Microsoft.KeyVault/vaults/tushar-kv",
            "name": "adminname1",
            "not_before_date": null,
            "resource_id": "/subscriptions/cebec115-76a4-41a3-b52f-1485335c2232/resourceGroups/tushar-rg/providers/Microsoft.KeyVault/vaults/tushar-kv/secrets/adminname1/versions/527551fe820d41c496eb5d19031227e9",
            "resource_versionless_id": "/subscriptions/cebec115-76a4-41a3-b52f-1485335c2232/resourceGroups/tushar-rg/providers/Microsoft.KeyVault/vaults/tushar-kv/secrets/adminname1",
            "tags": {},
            "timeouts": null,
            "value": "Tusharadmin",
            "version": "527551fe820d41c496eb5d19031227e9",
            "versionless_id": "https://tushar-kv.vault.azure.net/secrets/adminname1"
          },
          "sensitive_attributes": [
            [
              {
                "type": "get_attr",
                "value": "value"
              }
            ]
          ]
        }
      ]
    },
    {
      "module": "module.vm",
      "mode": "data",
      "type": "azurerm_key_vault_secret",
      "name": "example2",
      "provider": "provider[\"registry.terraform.io/hashicorp/azurerm\"]",
      "instances": [
        {
          "schema_version": 0,
          "attributes": {
            "content_type": "",
            "expiration_date": null,
            "id": "https://tushar-kv.vault.azure.net/secrets/adminpassword2/7cb9451b17564616a9503cf1a99207d4",
            "key_vault_id": "/subscriptions/cebec115-76a4-41a3-b52f-1485335c2232/resourceGroups/tushar-rg/providers/Microsoft.KeyVault/vaults/tushar-kv",
            "name": "adminpassword2",
            "not_before_date": null,
            "resource_id": "/subscriptions/cebec115-76a4-41a3-b52f-1485335c2232/resourceGroups/tushar-rg/providers/Microsoft.KeyVault/vaults/tushar-kv/secrets/adminpassword2/versions/7cb9451b17564616a9503cf1a99207d4",
            "resource_versionless_id": "/subscriptions/cebec115-76a4-41a3-b52f-1485335c2232/resourceGroups/tushar-rg/providers/Microsoft.KeyVault/vaults/tushar-kv/secrets/adminpassword2",
            "tags": {},
            "timeouts": null,
            "value": "Tusharadmin@123",
            "version": "7cb9451b17564616a9503cf1a99207d4",
            "versionless_id": "https://tushar-kv.vault.azure.net/secrets/adminpassword2"
          },
          "sensitive_attributes": [
            [
              {
                "type": "get_attr",
                "value": "value"
              }
            ]
          ]
        }
      ]
    },
    {
      "module": "module.vm",
      "mode": "data",
      "type": "azurerm_public_ip",
      "name": "data-ip",
      "provider": "provider[\"registry.terraform.io/hashicorp/azurerm\"]",
      "instances": [
        {
          "schema_version": 0,
          "attributes": {
            "allocation_method": "Static",
            "ddos_protection_mode": "VirtualNetworkInherited",
            "ddos_protection_plan_id": null,
            "domain_name_label": "",
            "fqdn": "",
            "id": "/subscriptions/cebec115-76a4-41a3-b52f-1485335c2232/resourceGroups/tushar-rg/providers/Microsoft.Network/publicIPAddresses/tushar-pip",
            "idle_timeout_in_minutes": 4,
            "ip_address": "51.57.59.53",
            "ip_tags": {},
            "ip_version": "IPv4",
            "location": "westus3",
            "name": "tushar-pip",
            "resource_group_name": "tushar-rg",
            "reverse_fqdn": "",
            "sku": "Standard",
            "tags": {},
            "timeouts": null,
            "zones": []
          },
          "sensitive_attributes": []
        }
      ]
    },
    {
      "module": "module.vm",
      "mode": "data",
      "type": "azurerm_subnet",
      "name": "data-sb",
      "provider": "provider[\"registry.terraform.io/hashicorp/azurerm\"]",
      "instances": [
        {
          "schema_version": 0,
          "attributes": {
            "address_prefix": "10.0.1.0/24",
            "address_prefixes": [
              "10.0.1.0/24"
            ],
            "default_outbound_access_enabled": true,
            "id": "/subscriptions/cebec115-76a4-41a3-b52f-1485335c2232/resourceGroups/tushar-rg/providers/Microsoft.Network/virtualNetworks/tushar-vn/subnets/tushar-sb",
            "name": "tushar-sb",
            "network_security_group_id": "",
            "private_endpoint_network_policies": "Disabled",
            "private_link_service_network_policies_enabled": true,
            "resource_group_name": "tushar-rg",
            "route_table_id": "",
            "service_endpoints": [],
            "timeouts": null,
            "virtual_network_name": "tushar-vn"
          },
          "sensitive_attributes": []
        }
      ]
    },
    {
      "module": "module.vm",
      "mode": "managed",
      "type": "azurerm_linux_virtual_machine",
      "name": "example",
      "provider": "provider[\"registry.terraform.io/hashicorp/azurerm\"]",
      "instances": [
        {
          "schema_version": 0,
          "attributes": {
            "additional_capabilities": [],
            "admin_password": "Tusharadmin@123",
            "admin_ssh_key": [],
            "admin_username": "Tusharadmin",
            "allow_extension_operations": true,
            "availability_set_id": "",
            "boot_diagnostics": [],
            "bypass_platform_safety_checks_on_user_schedule_enabled": false,
            "capacity_reservation_group_id": "",
            "computer_name": "tushar-nic",
            "custom_data": "IyEvYmluL2Jhc2gNCnN1ZG8gYXB0IHVwZGF0ZSAteQ0Kc3VkbyBhcHQgaW5zdGFsbCBuZ2lueCAteQ0Kc3VkbyBzeXN0ZW1jdGwgZW5hYmxlIG5naW54DQpzdWRvIHN5c3RlbWN0bCBzdGFydCBuZ2lueA0K",
            "dedicated_host_group_id": "",
            "dedicated_host_id": "",
            "disable_password_authentication": false,
            "disk_controller_type": "",
            "edge_zone": "",
            "encryption_at_host_enabled": false,
            "eviction_policy": "",
            "extensions_time_budget": "PT1H30M",
            "gallery_application": [],
            "id": "/subscriptions/cebec115-76a4-41a3-b52f-1485335c2232/resourceGroups/tushar-rg/providers/Microsoft.Compute/virtualMachines/tushar-nic",
            "identity": [],
            "license_type": "",
            "location": "westus3",
            "max_bid_price": -1,
            "name": "tushar-nic",
            "network_interface_ids": [
              "/subscriptions/cebec115-76a4-41a3-b52f-1485335c2232/resourceGroups/tushar-rg/providers/Microsoft.Network/networkInterfaces/tushar-nic"
            ],
            "os_disk": [
              {
                "caching": "ReadWrite",
                "diff_disk_settings": [],
                "disk_encryption_set_id": "",
                "disk_size_gb": 30,
                "id": "/subscriptions/cebec115-76a4-41a3-b52f-1485335c2232/resourceGroups/tushar-rg/providers/Microsoft.Compute/disks/tushar-nic_OsDisk_1_732105b446a94d39b4c7f1e68677f4bb",
                "name": "tushar-nic_OsDisk_1_732105b446a94d39b4c7f1e68677f4bb",
                "secure_vm_disk_encryption_set_id": "",
                "security_encryption_type": "",
                "storage_account_type": "Standard_LRS",
                "write_accelerator_enabled": false
              }
            ],
            "os_image_notification": [],
            "patch_assessment_mode": "ImageDefault",
            "patch_mode": "ImageDefault",
            "plan": [],
            "platform_fault_domain": -1,
            "priority": "Regular",
            "private_ip_address": "10.0.1.4",
            "private_ip_addresses": [
              "10.0.1.4"
            ],
            "provision_vm_agent": true,
            "proximity_placement_group_id": "",
            "public_ip_address": "51.57.59.53",
            "public_ip_addresses": [
              "51.57.59.53"
            ],
            "reboot_setting": "",
            "resource_group_name": "tushar-rg",
            "secret": [],
            "secure_boot_enabled": false,
            "size": "Standard_F2",
            "source_image_id": "",
            "source_image_reference": [
              {
                "offer": "0001-com-ubuntu-server-jammy",
                "publisher": "Canonical",
                "sku": "22_04-lts",
                "version": "latest"
              }
            ],
            "tags": null,
            "termination_notification": null,
            "timeouts": null,
            "user_data": "",
            "virtual_machine_id": "fdcfe5d8-6314-417b-b9fc-0142fbd7ebbe",
            "virtual_machine_scale_set_id": "",
            "vm_agent_platform_updates_enabled": false,
            "vtpm_enabled": false,
            "zone": ""
          },
          "sensitive_attributes": [
            [
              {
                "type": "get_attr",
                "value": "admin_username"
              }
            ],
            [
              {
                "type": "get_attr",
                "value": "admin_password"
              }
            ],
            [
              {
                "type": "get_attr",
                "value": "custom_data"
              }
            ]
          ],
          "private": "eyJlMmJmYjczMC1lY2FhLTExZTYtOGY4OC0zNDM2M2JjN2M0YzAiOnsiY3JlYXRlIjoyNzAwMDAwMDAwMDAwLCJkZWxldGUiOjI3MDAwMDAwMDAwMDAsInJlYWQiOjMwMDAwMDAwMDAwMCwidXBkYXRlIjoyNzAwMDAwMDAwMDAwfX0=",
          "dependencies": [
            "module.rg.azurerm_resource_group.example",
            "module.sb.azurerm_subnet.example",
            "module.vm.azurerm_network_interface.example",
            "module.vm.data.azurerm_key_vault.kv",
            "module.vm.data.azurerm_key_vault_secret.example1",
            "module.vm.data.azurerm_key_vault_secret.example2",
            "module.vm.data.azurerm_public_ip.data-ip",
            "module.vm.data.azurerm_subnet.data-sb",
            "module.vn.azurerm_virtual_network.example"
          ]
        }
      ]
    },
    {
      "module": "module.vm",
      "mode": "managed",
      "type": "azurerm_network_interface",
      "name": "example",
      "provider": "provider[\"registry.terraform.io/hashicorp/azurerm\"]",
      "instances": [
        {
          "schema_version": 0,
          "attributes": {
            "accelerated_networking_enabled": false,
            "applied_dns_servers": [],
            "auxiliary_mode": "",
            "auxiliary_sku": "",
            "dns_servers": [],
            "edge_zone": "",
            "id": "/subscriptions/cebec115-76a4-41a3-b52f-1485335c2232/resourceGroups/tushar-rg/providers/Microsoft.Network/networkInterfaces/tushar-nic",
            "internal_dns_name_label": "",
            "internal_domain_name_suffix": "fuysmpvg3onu3lksvix2omliwd.phxx.internal.cloudapp.net",
            "ip_configuration": [
              {
                "gateway_load_balancer_frontend_ip_configuration_id": "",
                "name": "internal",
                "primary": true,
                "private_ip_address": "10.0.1.4",
                "private_ip_address_allocation": "Dynamic",
                "private_ip_address_version": "IPv4",
                "public_ip_address_id": "/subscriptions/cebec115-76a4-41a3-b52f-1485335c2232/resourceGroups/tushar-rg/providers/Microsoft.Network/publicIPAddresses/tushar-pip",
                "subnet_id": "/subscriptions/cebec115-76a4-41a3-b52f-1485335c2232/resourceGroups/tushar-rg/providers/Microsoft.Network/virtualNetworks/tushar-vn/subnets/tushar-sb"
              }
            ],
            "ip_forwarding_enabled": false,
            "location": "westus3",
            "mac_address": "60-45-BD-CC-41-9E",
            "name": "tushar-nic",
            "private_ip_address": "10.0.1.4",
            "private_ip_addresses": [
              "10.0.1.4"
            ],
            "resource_group_name": "tushar-rg",
            "tags": {},
            "timeouts": null,
            "virtual_machine_id": "/subscriptions/cebec115-76a4-41a3-b52f-1485335c2232/resourceGroups/tushar-rg/providers/Microsoft.Compute/virtualMachines/tushar-nic"
          },
          "sensitive_attributes": [],
          "private": "eyJlMmJmYjczMC1lY2FhLTExZTYtOGY4OC0zNDM2M2JjN2M0YzAiOnsiY3JlYXRlIjoxODAwMDAwMDAwMDAwLCJkZWxldGUiOjE4MDAwMDAwMDAwMDAsInJlYWQiOjMwMDAwMDAwMDAwMCwidXBkYXRlIjoxODAwMDAwMDAwMDAwfX0=",
          "dependencies": [
            "module.rg.azurerm_resource_group.example",
            "module.sb.azurerm_subnet.example",
            "module.vm.data.azurerm_public_ip.data-ip",
            "module.vm.data.azurerm_subnet.data-sb",
            "module.vn.azurerm_virtual_network.example"
          ]
        }
      ]
    },
    {
      "module": "module.vn",
      "mode": "managed",
      "type": "azurerm_virtual_network",
      "name": "example",
      "provider": "provider[\"registry.terraform.io/hashicorp/azurerm\"]",
      "instances": [
        {
          "schema_version": 0,
          "attributes": {
            "address_space": [
              "10.0.0.0/16"
            ],
            "bgp_community": "",
            "ddos_protection_plan": [],
            "dns_servers": [
              "10.0.0.4",
              "10.0.0.5"
            ],
            "edge_zone": "",
            "encryption": [],
            "flow_timeout_in_minutes": 0,
            "guid": "3e26312d-eba6-4e9b-ad52-aa2fc73168b3",
            "id": "/subscriptions/cebec115-76a4-41a3-b52f-1485335c2232/resourceGroups/tushar-rg/providers/Microsoft.Network/virtualNetworks/tushar-vn",
            "ip_address_pool": [],
            "location": "westus3",
            "name": "tushar-vn",
            "private_endpoint_vnet_policies": "Disabled",
            "resource_group_name": "tushar-rg",
            "subnet": [
              {
                "address_prefixes": [
                  "10.0.1.0/24"
                ],
                "default_outbound_access_enabled": true,
                "delegation": [],
                "id": "/subscriptions/cebec115-76a4-41a3-b52f-1485335c2232/resourceGroups/tushar-rg/providers/Microsoft.Network/virtualNetworks/tushar-vn/subnets/tushar-sb",
                "name": "tushar-sb",
                "private_endpoint_network_policies": "Disabled",
                "private_link_service_network_policies_enabled": true,
                "route_table_id": "",
                "security_group": "",
                "service_endpoint_policy_ids": [],
                "service_endpoints": []
              }
            ],
            "tags": {},
            "timeouts": null
          },
          "sensitive_attributes": [],
          "private": "eyJlMmJmYjczMC1lY2FhLTExZTYtOGY4OC0zNDM2M2JjN2M0YzAiOnsiY3JlYXRlIjoxODAwMDAwMDAwMDAwLCJkZWxldGUiOjE4MDAwMDAwMDAwMDAsInJlYWQiOjMwMDAwMDAwMDAwMCwidXBkYXRlIjoxODAwMDAwMDAwMDAwfX0=",
          "dependencies": [
            "module.rg.azurerm_resource_group.example"
          ]
        }
      ]
    }
  ],
  "check_results": null
}
